
Microsoft Visual Studio Solution File, Format Version 12.00
# Visual Studio Version 17
VisualStudioVersion = 17.6.33829.357
MinimumVisualStudioVersion = 10.0.40219.1
Project("{9A19103F-16F7-4668-BE54-9A1E7A4F7556}") = "SurrealDb.Net", "SurrealDb.Net\SurrealDb.Net.csproj", "{F7F225BB-16F8-457D-AD6C-1A0DA5260147}"
EndProject
Project("{9A19103F-16F7-4668-BE54-9A1E7A4F7556}") = "SurrealDb.Net.Tests", "SurrealDb.Net.Tests\SurrealDb.Net.Tests.csproj", "{2600803C-957E-4C73-BAF1-767D589B1E80}"
EndProject
Project("{9A19103F-16F7-4668-BE54-9A1E7A4F7556}") = "SurrealDb.Net.Benchmarks", "SurrealDb.Net.Benchmarks\SurrealDb.Net.Benchmarks.csproj", "{35E27857-58E5-4500-8E0C-91B66EE746F2}"
EndProject
Project("{9A19103F-16F7-4668-BE54-9A1E7A4F7556}") = "SurrealDb.Net.Tests.Fixtures", "SurrealDb.Net.Tests.Fixtures\SurrealDb.Net.Tests.Fixtures.csproj", "{3ADDE8E8-A1BF-44C9-816D-1B2D5B86928C}"
EndProject
Project("{2150E333-8FDC-42A3-9474-1A3956D46DE8}") = "Core", "Core", "{C96942BD-CC4A-48C1-BC4D-54FB6EC5C168}"
EndProject
Project("{2150E333-8FDC-42A3-9474-1A3956D46DE8}") = "Tests", "Tests", "{0137C76C-4DE9-4846-B62A-02F40E3479B5}"
EndProject
Project("{2150E333-8FDC-42A3-9474-1A3956D46DE8}") = "Examples", "Examples", "{A83E82FA-2AD7-45FA-A949-9EFA5865D7AE}"
EndProject
Project("{9A19103F-16F7-4668-BE54-9A1E7A4F7556}") = "SurrealDb.Examples.WeatherApi", "SurrealDb.Examples.WeatherApi\SurrealDb.Examples.WeatherApi.csproj", "{3F00652A-B25B-4F22-9554-AF2F5002BED1}"
EndProject
Project("{9A19103F-16F7-4668-BE54-9A1E7A4F7556}") = "SurrealDb.Examples.Console", "SurrealDb.Examples.Console\SurrealDb.Examples.Console.csproj", "{94F5204B-B4DD-4B81-AA62-5D09C30BE864}"
EndProject
Project("{2150E333-8FDC-42A3-9474-1A3956D46DE8}") = "Configuration", "Configuration", "{A3BD1259-2A38-42E5-A603-C494B82F0A6D}"
	ProjectSection(SolutionItems) = preProject
		.editorconfig = .editorconfig
		Directory.Build.props = Directory.Build.props
		Directory.Packages.props = Directory.Packages.props
		global.json = global.json
	EndProjectSection
EndProject
Project("{9A19103F-16F7-4668-BE54-9A1E7A4F7556}") = "SurrealDb.Net.LiveQuery.Tests", "SurrealDb.Net.LiveQuery.Tests\SurrealDb.Net.LiveQuery.Tests.csproj", "{8A61723E-3341-4F38-9D93-13777E8D5566}"
EndProject
Project("{9A19103F-16F7-4668-BE54-9A1E7A4F7556}") = "SurrealDb.Reactive", "SurrealDb.Reactive\SurrealDb.Reactive.csproj", "{A91F00A2-2843-4036-BAFE-169954B57593}"
EndProject
Project("{2150E333-8FDC-42A3-9474-1A3956D46DE8}") = "Benchmarks", "Benchmarks", "{2AA621E5-D78A-4710-9C77-48B305A67928}"
EndProject
Project("{9A19103F-16F7-4668-BE54-9A1E7A4F7556}") = "SurrealDb.Net.LocalBenchmarks", "SurrealDb.Net.LocalBenchmarks\SurrealDb.Net.LocalBenchmarks.csproj", "{493922BA-D744-432A-A4E0-35C4D8DB1D16}"
EndProject
Project("{9A19103F-16F7-4668-BE54-9A1E7A4F7556}") = "SurrealDb.Examples.Blazor.Server", "SurrealDb.Examples.Blazor.Server\SurrealDb.Examples.Blazor.Server.csproj", "{8F9561AA-670D-47D4-BB60-EDD893D93950}"
EndProject
Project("{2150E333-8FDC-42A3-9474-1A3956D46DE8}") = "Aot", "Aot", "{CF3D830A-ECA0-4E5E-94BF-921648C59A9D}"
EndProject
Project("{9A19103F-16F7-4668-BE54-9A1E7A4F7556}") = "SurrealDb.Examples.TodoApi.Aot", "SurrealDb.Examples.TodoApi.Aot\SurrealDb.Examples.TodoApi.Aot.csproj", "{D922FBB6-5FB7-4A82-8657-28D93E665CFA}"
EndProject
Project("{9A19103F-16F7-4668-BE54-9A1E7A4F7556}") = "SurrealDb.Net.Tests.Extensions", "SurrealDb.Net.Tests.Extensions\SurrealDb.Net.Tests.Extensions.csproj", "{F745CE25-FCAC-403E-A636-332A7084EEAD}"
EndProject
Project("{2150E333-8FDC-42A3-9474-1A3956D46DE8}") = "MinimalApis", "MinimalApis", "{D38C363A-3C36-465F-9C56-A6EC31321BD4}"
EndProject
Project("{9A19103F-16F7-4668-BE54-9A1E7A4F7556}") = "SurrealDb.MinimalApis.Extensions", "SurrealDb.MinimalApis.Extensions\SurrealDb.MinimalApis.Extensions.csproj", "{8DCBC7C3-66B3-498F-ABFA-0979A9711281}"
EndProject
Project("{9A19103F-16F7-4668-BE54-9A1E7A4F7556}") = "SurrealDb.Examples.MinimalApis", "SurrealDb.Examples.MinimalApis\SurrealDb.Examples.MinimalApis.csproj", "{15FC7474-5CB5-4EAA-91B0-796DD5DE3BD6}"
EndProject
Project("{9A19103F-16F7-4668-BE54-9A1E7A4F7556}") = "SurrealDb.MinimalApis.Extensions.Reference", "SurrealDb.MinimalApis.Extensions.Reference\SurrealDb.MinimalApis.Extensions.Reference.csproj", "{15C6F284-FAAA-4794-9FD9-9B500A1B15FF}"
EndProject
Project("{2150E333-8FDC-42A3-9474-1A3956D46DE8}") = "Providers", "Providers", "{ED80259F-C52A-4936-9345-E8E3ABE19FBF}"
EndProject
Project("{9A19103F-16F7-4668-BE54-9A1E7A4F7556}") = "SurrealDb.Embedded.InMemory", "SurrealDb.Embedded.InMemory\SurrealDb.Embedded.InMemory.csproj", "{DF431D96-ED87-4A2B-959E-D345E337F110}"
EndProject
Project("{9A19103F-16F7-4668-BE54-9A1E7A4F7556}") = "SurrealDb.Net.Benchmarks.Embedded", "SurrealDb.Net.Benchmarks.Embedded\SurrealDb.Net.Benchmarks.Embedded.csproj", "{ABB406DB-023C-4B7C-891F-0B75454D0205}"
EndProject
Project("{9A19103F-16F7-4668-BE54-9A1E7A4F7556}") = "SurrealDb.Net.Benchmarks.Remote", "SurrealDb.Net.Benchmarks.Remote\SurrealDb.Net.Benchmarks.Remote.csproj", "{9B9B9E0F-4AEF-4629-95FE-F627B13A19F2}"
EndProject
Project("{FAE04EC0-301F-11D3-BF4B-00C04F79EFBC}") = "SurrealDb.Embedded.RocksDb", "SurrealDb.Embedded.RocksDb\SurrealDb.Embedded.RocksDb.csproj", "{94D34588-23C7-40CA-8ADB-6057603DA031}"
EndProject
Project("{FAE04EC0-301F-11D3-BF4B-00C04F79EFBC}") = "SurrealDb.Embedded.SurrealKv", "SurrealDb.Embedded.SurrealKv\SurrealDb.Embedded.SurrealKv.csproj", "{E7048C18-3B7E-4B00-8550-3FBDF10910E0}"
EndProject
Project("{FAE04EC0-301F-11D3-BF4B-00C04F79EFBC}") = "SurrealDb.Embedded.Internals", "SurrealDb.Embedded.Internals\SurrealDb.Embedded.Internals.csproj", "{8ED80F32-D22A-4267-9BDE-865223C99020}"
EndProject
Global
	GlobalSection(SolutionConfigurationPlatforms) = preSolution
		Debug|Any CPU = Debug|Any CPU
		Release|Any CPU = Release|Any CPU
	EndGlobalSection
	GlobalSection(ProjectConfigurationPlatforms) = postSolution
		{F7F225BB-16F8-457D-AD6C-1A0DA5260147}.Debug|Any CPU.ActiveCfg = Debug|Any CPU
		{F7F225BB-16F8-457D-AD6C-1A0DA5260147}.Debug|Any CPU.Build.0 = Debug|Any CPU
		{F7F225BB-16F8-457D-AD6C-1A0DA5260147}.Release|Any CPU.ActiveCfg = Release|Any CPU
		{F7F225BB-16F8-457D-AD6C-1A0DA5260147}.Release|Any CPU.Build.0 = Release|Any CPU
		{2600803C-957E-4C73-BAF1-767D589B1E80}.Debug|Any CPU.ActiveCfg = Debug|Any CPU
		{2600803C-957E-4C73-BAF1-767D589B1E80}.Debug|Any CPU.Build.0 = Debug|Any CPU
		{2600803C-957E-4C73-BAF1-767D589B1E80}.Release|Any CPU.ActiveCfg = Release|Any CPU
		{2600803C-957E-4C73-BAF1-767D589B1E80}.Release|Any CPU.Build.0 = Release|Any CPU
		{35E27857-58E5-4500-8E0C-91B66EE746F2}.Debug|Any CPU.ActiveCfg = Debug|Any CPU
		{35E27857-58E5-4500-8E0C-91B66EE746F2}.Debug|Any CPU.Build.0 = Debug|Any CPU
		{35E27857-58E5-4500-8E0C-91B66EE746F2}.Release|Any CPU.ActiveCfg = Release|Any CPU
		{35E27857-58E5-4500-8E0C-91B66EE746F2}.Release|Any CPU.Build.0 = Release|Any CPU
		{3ADDE8E8-A1BF-44C9-816D-1B2D5B86928C}.Debug|Any CPU.ActiveCfg = Debug|Any CPU
		{3ADDE8E8-A1BF-44C9-816D-1B2D5B86928C}.Debug|Any CPU.Build.0 = Debug|Any CPU
		{3ADDE8E8-A1BF-44C9-816D-1B2D5B86928C}.Release|Any CPU.ActiveCfg = Release|Any CPU
		{3ADDE8E8-A1BF-44C9-816D-1B2D5B86928C}.Release|Any CPU.Build.0 = Release|Any CPU
		{3F00652A-B25B-4F22-9554-AF2F5002BED1}.Debug|Any CPU.ActiveCfg = Debug|Any CPU
		{3F00652A-B25B-4F22-9554-AF2F5002BED1}.Debug|Any CPU.Build.0 = Debug|Any CPU
		{3F00652A-B25B-4F22-9554-AF2F5002BED1}.Release|Any CPU.ActiveCfg = Release|Any CPU
		{3F00652A-B25B-4F22-9554-AF2F5002BED1}.Release|Any CPU.Build.0 = Release|Any CPU
		{94F5204B-B4DD-4B81-AA62-5D09C30BE864}.Debug|Any CPU.ActiveCfg = Debug|Any CPU
		{94F5204B-B4DD-4B81-AA62-5D09C30BE864}.Debug|Any CPU.Build.0 = Debug|Any CPU
		{94F5204B-B4DD-4B81-AA62-5D09C30BE864}.Release|Any CPU.ActiveCfg = Release|Any CPU
		{94F5204B-B4DD-4B81-AA62-5D09C30BE864}.Release|Any CPU.Build.0 = Release|Any CPU
		{8A61723E-3341-4F38-9D93-13777E8D5566}.Debug|Any CPU.ActiveCfg = Debug|Any CPU
		{8A61723E-3341-4F38-9D93-13777E8D5566}.Debug|Any CPU.Build.0 = Debug|Any CPU
		{8A61723E-3341-4F38-9D93-13777E8D5566}.Release|Any CPU.ActiveCfg = Release|Any CPU
		{8A61723E-3341-4F38-9D93-13777E8D5566}.Release|Any CPU.Build.0 = Release|Any CPU
		{A91F00A2-2843-4036-BAFE-169954B57593}.Debug|Any CPU.ActiveCfg = Debug|Any CPU
		{A91F00A2-2843-4036-BAFE-169954B57593}.Debug|Any CPU.Build.0 = Debug|Any CPU
		{A91F00A2-2843-4036-BAFE-169954B57593}.Release|Any CPU.ActiveCfg = Release|Any CPU
		{A91F00A2-2843-4036-BAFE-169954B57593}.Release|Any CPU.Build.0 = Release|Any CPU
		{493922BA-D744-432A-A4E0-35C4D8DB1D16}.Debug|Any CPU.ActiveCfg = Debug|Any CPU
		{493922BA-D744-432A-A4E0-35C4D8DB1D16}.Debug|Any CPU.Build.0 = Debug|Any CPU
		{493922BA-D744-432A-A4E0-35C4D8DB1D16}.Release|Any CPU.ActiveCfg = Release|Any CPU
		{493922BA-D744-432A-A4E0-35C4D8DB1D16}.Release|Any CPU.Build.0 = Release|Any CPU
		{8F9561AA-670D-47D4-BB60-EDD893D93950}.Debug|Any CPU.ActiveCfg = Debug|Any CPU
		{8F9561AA-670D-47D4-BB60-EDD893D93950}.Debug|Any CPU.Build.0 = Debug|Any CPU
		{8F9561AA-670D-47D4-BB60-EDD893D93950}.Release|Any CPU.ActiveCfg = Release|Any CPU
		{8F9561AA-670D-47D4-BB60-EDD893D93950}.Release|Any CPU.Build.0 = Release|Any CPU
		{D922FBB6-5FB7-4A82-8657-28D93E665CFA}.Debug|Any CPU.ActiveCfg = Debug|Any CPU
		{D922FBB6-5FB7-4A82-8657-28D93E665CFA}.Debug|Any CPU.Build.0 = Debug|Any CPU
		{D922FBB6-5FB7-4A82-8657-28D93E665CFA}.Release|Any CPU.ActiveCfg = Release|Any CPU
		{D922FBB6-5FB7-4A82-8657-28D93E665CFA}.Release|Any CPU.Build.0 = Release|Any CPU
		{F745CE25-FCAC-403E-A636-332A7084EEAD}.Debug|Any CPU.ActiveCfg = Debug|Any CPU
		{F745CE25-FCAC-403E-A636-332A7084EEAD}.Debug|Any CPU.Build.0 = Debug|Any CPU
		{F745CE25-FCAC-403E-A636-332A7084EEAD}.Release|Any CPU.ActiveCfg = Release|Any CPU
		{F745CE25-FCAC-403E-A636-332A7084EEAD}.Release|Any CPU.Build.0 = Release|Any CPU
		{8DCBC7C3-66B3-498F-ABFA-0979A9711281}.Debug|Any CPU.ActiveCfg = Debug|Any CPU
		{8DCBC7C3-66B3-498F-ABFA-0979A9711281}.Debug|Any CPU.Build.0 = Debug|Any CPU
		{8DCBC7C3-66B3-498F-ABFA-0979A9711281}.Release|Any CPU.ActiveCfg = Release|Any CPU
		{8DCBC7C3-66B3-498F-ABFA-0979A9711281}.Release|Any CPU.Build.0 = Release|Any CPU
		{15FC7474-5CB5-4EAA-91B0-796DD5DE3BD6}.Debug|Any CPU.ActiveCfg = Debug|Any CPU
		{15FC7474-5CB5-4EAA-91B0-796DD5DE3BD6}.Debug|Any CPU.Build.0 = Debug|Any CPU
		{15FC7474-5CB5-4EAA-91B0-796DD5DE3BD6}.Release|Any CPU.ActiveCfg = Release|Any CPU
		{15FC7474-5CB5-4EAA-91B0-796DD5DE3BD6}.Release|Any CPU.Build.0 = Release|Any CPU
		{15C6F284-FAAA-4794-9FD9-9B500A1B15FF}.Debug|Any CPU.ActiveCfg = Debug|Any CPU
		{15C6F284-FAAA-4794-9FD9-9B500A1B15FF}.Debug|Any CPU.Build.0 = Debug|Any CPU
		{15C6F284-FAAA-4794-9FD9-9B500A1B15FF}.Release|Any CPU.ActiveCfg = Release|Any CPU
		{15C6F284-FAAA-4794-9FD9-9B500A1B15FF}.Release|Any CPU.Build.0 = Release|Any CPU
		{DF431D96-ED87-4A2B-959E-D345E337F110}.Debug|Any CPU.ActiveCfg = Debug|Any CPU
		{DF431D96-ED87-4A2B-959E-D345E337F110}.Debug|Any CPU.Build.0 = Debug|Any CPU
		{DF431D96-ED87-4A2B-959E-D345E337F110}.Release|Any CPU.ActiveCfg = Release|Any CPU
		{DF431D96-ED87-4A2B-959E-D345E337F110}.Release|Any CPU.Build.0 = Release|Any CPU
		{ABB406DB-023C-4B7C-891F-0B75454D0205}.Debug|Any CPU.ActiveCfg = Debug|Any CPU
		{ABB406DB-023C-4B7C-891F-0B75454D0205}.Debug|Any CPU.Build.0 = Debug|Any CPU
		{ABB406DB-023C-4B7C-891F-0B75454D0205}.Release|Any CPU.ActiveCfg = Release|Any CPU
		{ABB406DB-023C-4B7C-891F-0B75454D0205}.Release|Any CPU.Build.0 = Release|Any CPU
		{9B9B9E0F-4AEF-4629-95FE-F627B13A19F2}.Debug|Any CPU.ActiveCfg = Debug|Any CPU
		{9B9B9E0F-4AEF-4629-95FE-F627B13A19F2}.Debug|Any CPU.Build.0 = Debug|Any CPU
		{9B9B9E0F-4AEF-4629-95FE-F627B13A19F2}.Release|Any CPU.ActiveCfg = Release|Any CPU
		{9B9B9E0F-4AEF-4629-95FE-F627B13A19F2}.Release|Any CPU.Build.0 = Release|Any CPU
		{94D34588-23C7-40CA-8ADB-6057603DA031}.Debug|Any CPU.ActiveCfg = Debug|Any CPU
		{94D34588-23C7-40CA-8ADB-6057603DA031}.Debug|Any CPU.Build.0 = Debug|Any CPU
		{94D34588-23C7-40CA-8ADB-6057603DA031}.Release|Any CPU.ActiveCfg = Release|Any CPU
		{94D34588-23C7-40CA-8ADB-6057603DA031}.Release|Any CPU.Build.0 = Release|Any CPU
		{E7048C18-3B7E-4B00-8550-3FBDF10910E0}.Debug|Any CPU.ActiveCfg = Debug|Any CPU
		{E7048C18-3B7E-4B00-8550-3FBDF10910E0}.Debug|Any CPU.Build.0 = Debug|Any CPU
		{E7048C18-3B7E-4B00-8550-3FBDF10910E0}.Release|Any CPU.ActiveCfg = Release|Any CPU
		{E7048C18-3B7E-4B00-8550-3FBDF10910E0}.Release|Any CPU.Build.0 = Release|Any CPU
		{8ED80F32-D22A-4267-9BDE-865223C99020}.Debug|Any CPU.ActiveCfg = Debug|Any CPU
		{8ED80F32-D22A-4267-9BDE-865223C99020}.Debug|Any CPU.Build.0 = Debug|Any CPU
		{8ED80F32-D22A-4267-9BDE-865223C99020}.Release|Any CPU.ActiveCfg = Release|Any CPU
		{8ED80F32-D22A-4267-9BDE-865223C99020}.Release|Any CPU.Build.0 = Release|Any CPU
	EndGlobalSection
	GlobalSection(SolutionProperties) = preSolution
		HideSolutionNode = FALSE
	EndGlobalSection
	GlobalSection(NestedProjects) = preSolution
		{F7F225BB-16F8-457D-AD6C-1A0DA5260147} = {C96942BD-CC4A-48C1-BC4D-54FB6EC5C168}
		{2600803C-957E-4C73-BAF1-767D589B1E80} = {0137C76C-4DE9-4846-B62A-02F40E3479B5}
		{35E27857-58E5-4500-8E0C-91B66EE746F2} = {2AA621E5-D78A-4710-9C77-48B305A67928}
		{3ADDE8E8-A1BF-44C9-816D-1B2D5B86928C} = {0137C76C-4DE9-4846-B62A-02F40E3479B5}
		{3F00652A-B25B-4F22-9554-AF2F5002BED1} = {A83E82FA-2AD7-45FA-A949-9EFA5865D7AE}
		{94F5204B-B4DD-4B81-AA62-5D09C30BE864} = {A83E82FA-2AD7-45FA-A949-9EFA5865D7AE}
		{8A61723E-3341-4F38-9D93-13777E8D5566} = {0137C76C-4DE9-4846-B62A-02F40E3479B5}
		{A91F00A2-2843-4036-BAFE-169954B57593} = {C96942BD-CC4A-48C1-BC4D-54FB6EC5C168}
		{493922BA-D744-432A-A4E0-35C4D8DB1D16} = {2AA621E5-D78A-4710-9C77-48B305A67928}
		{8F9561AA-670D-47D4-BB60-EDD893D93950} = {A83E82FA-2AD7-45FA-A949-9EFA5865D7AE}
		{D922FBB6-5FB7-4A82-8657-28D93E665CFA} = {CF3D830A-ECA0-4E5E-94BF-921648C59A9D}
		{F745CE25-FCAC-403E-A636-332A7084EEAD} = {0137C76C-4DE9-4846-B62A-02F40E3479B5}
		{8DCBC7C3-66B3-498F-ABFA-0979A9711281} = {D38C363A-3C36-465F-9C56-A6EC31321BD4}
		{15FC7474-5CB5-4EAA-91B0-796DD5DE3BD6} = {D38C363A-3C36-465F-9C56-A6EC31321BD4}
		{15C6F284-FAAA-4794-9FD9-9B500A1B15FF} = {D38C363A-3C36-465F-9C56-A6EC31321BD4}
		{DF431D96-ED87-4A2B-959E-D345E337F110} = {ED80259F-C52A-4936-9345-E8E3ABE19FBF}
		{ABB406DB-023C-4B7C-891F-0B75454D0205} = {2AA621E5-D78A-4710-9C77-48B305A67928}
		{9B9B9E0F-4AEF-4629-95FE-F627B13A19F2} = {2AA621E5-D78A-4710-9C77-48B305A67928}
		{94D34588-23C7-40CA-8ADB-6057603DA031} = {ED80259F-C52A-4936-9345-E8E3ABE19FBF}
		{E7048C18-3B7E-4B00-8550-3FBDF10910E0} = {ED80259F-C52A-4936-9345-E8E3ABE19FBF}
		{8ED80F32-D22A-4267-9BDE-865223C99020} = {ED80259F-C52A-4936-9345-E8E3ABE19FBF}
	EndGlobalSection
	GlobalSection(ExtensibilityGlobals) = postSolution
		SolutionGuid = {70C100EF-E131-45C0-9515-02FC4823BA20}
	EndGlobalSection
EndGlobal
