{
  "version": 2,
  "dependencies": {
    "net10.0": {
      "CSharpier.MsBuild": {
        "type": "Direct",
        "requested": "[0.30.6, )",
        "resolved": "0.30.6",
        "contentHash": "m/KjEvc7f4+IGAL05F+tXwY5JHje6CeMjCc6mS4nlQlFJA36DM+UmoPCS5hDnLUw2s0aKMDoXdCxUrNe9PHBsA=="
      },
      "DotNet.ReproducibleBuilds": {
        "type": "Direct",
        "requested": "[1.2.39, )",
        "resolved": "1.2.39",
        "contentHash": "fcFN01tDTIQqDuTwr1jUQK/geofiwjG5DycJQOnC72i1SsLAk1ELe+apBOuZ11UMQG8YKFZG1FgvjZPbqHyatg=="
      },
      "Microsoft.DotNet.ILCompiler": {
        "type": "Direct",
        "requested": "[10.0.7, )",
        "resolved": "10.0.7",
        "contentHash": "2H7j1NltkQx04sPWBkUtFrZNBtro7vwsxRtdThP0oDj6Sn3ouGHCQlxATZ4Me2aJE67+KiXMX2V1IHDjt1uIpw=="
      },
      "Microsoft.NET.ILLink.Tasks": {
        "type": "Direct",
        "requested": "[10.0.1, )",
        "resolved": "10.0.1",
        "contentHash": "ISahzLHsHY7vrwqr2p1YWZ+gsxoBRtH7gWRDK8fDUst9pp2He0GiesaqEfeX0V8QMCJM3eNEHGGpnIcPjFo2NQ=="
      },
      "System.Reactive": {
        "type": "Transitive",
        "resolved": "6.0.0",
        "contentHash": "31kfaW4ZupZzPsI5PVe77VhnvFF55qgma7KZr/E0iFTs6fmdhhG8j0mgEx620iLTey1EynOkEfnyTjtNEpJzGw=="
      },
      "surrealdb.net": {
        "type": "Project",
        "dependencies": {
          "ConcurrentHashSet": "[1.3.0, )",
          "Dahomey.Cbor": "[1.26.1, )",
          "Microsoft.AspNetCore.JsonPatch.SystemTextJson": "[10.0.1, )",
          "Microsoft.IO.RecyclableMemoryStream": "[3.0.1, )",
          "Microsoft.Spatial": "[7.22.0, )",
          "Semver": "[3.0.0, )",
          "Websocket.Client": "[5.3.0, )"
        }
      },
      "ConcurrentHashSet": {
        "type": "CentralTransitive",
        "requested": "[1.3.0, )",
        "resolved": "1.3.0",
        "contentHash": "a30gfk4WDn2f7sOisXpko+CrQ7s5nL1ZWk4afnRwwRQHWPRrRSZpzn5Dz2YWpJtS90NJqkytQ/MkzHq4QYTIbg=="
      },
      "Dahomey.Cbor": {
        "type": "CentralTransitive",
        "requested": "[1.26.1, )",
        "resolved": "1.26.1",
        "contentHash": "zSCSf5mAm8Dl15pvKbGjbL7J4Xf7d6vn4InbFQJaEzzM7mfg6sz6iak8atZQ3cERtu2I5WoNgIinLddmDi7wug=="
      },
      "Microsoft.AspNetCore.JsonPatch.SystemTextJson": {
        "type": "CentralTransitive",
        "requested": "[10.0.1, )",
        "resolved": "10.0.1",
        "contentHash": "JgE1YPUhIWN8OMEHhExKzb2BnR3As884ued0yNqrORidJ9haK9DRBuDFN/PZj8mjgZsPjmnWd3vYiW8WqeUbdQ=="
      },
      "Microsoft.IO.RecyclableMemoryStream": {
        "type": "CentralTransitive",
        "requested": "[3.0.1, )",
        "resolved": "3.0.1",
        "contentHash": "s/s20YTVY9r9TPfTrN5g8zPF1YhwxyqO6PxUkrYTGI2B+OGPe9AdajWZrLhFqXIvqIW23fnUE4+ztrUWNU1+9g=="
      },
      "Microsoft.Spatial": {
        "type": "CentralTransitive",
        "requested": "[7.22.0, )",
        "resolved": "7.22.0",
        "contentHash": "6cRBm9WMJ5MofTyEP8JoMK323P3uyqWD7XnWZkHWr75ldm1Qw2ScWcNSA3lnPtLPDaY6es6vOFtY5li6VsV4Eg=="
      },
      "Semver": {
        "type": "CentralTransitive",
        "requested": "[3.0.0, )",
        "resolved": "3.0.0",
        "contentHash": "9jZCicsVgTebqkAujRWtC9J1A5EQVlu0TVKHcgoCuv345ve5DYf4D1MjhKEnQjdRZo6x/vdv6QQrYFs7ilGzLA=="
      },
      "Websocket.Client": {
        "type": "CentralTransitive",
        "requested": "[5.3.0, )",
        "resolved": "5.3.0",
        "contentHash": "uhdDM+gruCEhHRCKCoyali1HJp0wSS/HBs5X9XZwULNKM2y5ML188TsvcEgWEFOx0NOaHfGNtfoC0cd1p2NOIg==",
        "dependencies": {
          "Microsoft.IO.RecyclableMemoryStream": "3.0.0",
          "System.Reactive": "6.0.0"
        }
      }
    }
  }
}