{
  "version": 2,
  "dependencies": {
    "net10.0": {
      "CSharpier.MsBuild": {
        "type": "Direct",
        "requested": "[0.30.6, )",
        "resolved": "0.30.6",
        "contentHash": "m/KjEvc7f4+IGAL05F+tXwY5JHje6CeMjCc6mS4nlQlFJA36DM+UmoPCS5hDnLUw2s0aKMDoXdCxUrNe9PHBsA=="
      },
      "DotNet.ReproducibleBuilds": {
        "type": "Direct",
        "requested": "[1.2.39, )",
        "resolved": "1.2.39",
        "contentHash": "fcFN01tDTIQqDuTwr1jUQK/geofiwjG5DycJQOnC72i1SsLAk1ELe+apBOuZ11UMQG8YKFZG1FgvjZPbqHyatg=="
      },
      "FluentAssertions": {
        "type": "Direct",
        "requested": "[7.2.0, )",
        "resolved": "7.2.0",
        "contentHash": "k94gV49Otru4e9nKtj36KpA9UkjuAGKPmhfM0oqyI+rrtxhSrgaeEhILR0AbJ9iNaoagAeQtawPz6njQOC6WQA==",
        "dependencies": {
          "System.Configuration.ConfigurationManager": "6.0.0"
        }
      },
      "Microsoft.Testing.Extensions.CodeCoverage": {
        "type": "Direct",
        "requested": "[18.3.1, )",
        "resolved": "18.3.1",
        "contentHash": "kjIVTE93IKEK6ZPZCD95Ahq9mWBmQBB0C1RJzO1eFQDx8bsKLsl6U3EdXjqkiMX/CSGQLC45un/lqtWIicgkwQ==",
        "dependencies": {
          "Microsoft.DiaSymReader": "2.0.0",
          "Microsoft.Extensions.DependencyModel": "6.0.2",
          "Microsoft.Testing.Platform": "2.0.2"
        }
      },
      "Semver": {
        "type": "Direct",
        "requested": "[3.0.0, )",
        "resolved": "3.0.0",
        "contentHash": "9jZCicsVgTebqkAujRWtC9J1A5EQVlu0TVKHcgoCuv345ve5DYf4D1MjhKEnQjdRZo6x/vdv6QQrYFs7ilGzLA=="
      },
      "TUnit": {
        "type": "Direct",
        "requested": "[0.90.45, )",
        "resolved": "0.90.45",
        "contentHash": "gVvt5jCXQAE9aQC3H5cQeCuhEpb6DLO/zjW83z+6tJXB//pS4SW70uqz55aSYqb/D+i/gF7PDKbn75FNlDHboQ==",
        "dependencies": {
          "Microsoft.Testing.Extensions.CodeCoverage": "18.1.0",
          "Microsoft.Testing.Extensions.TrxReport": "2.0.1",
          "TUnit.Assertions": "0.90.45",
          "TUnit.Engine": "0.90.45"
        }
      },
      "Verify.TUnit": {
        "type": "Direct",
        "requested": "[31.4.3, )",
        "resolved": "31.4.3",
        "contentHash": "cjoJPrRZLXlDFraSR/EeUzCSicJzaE8tfOvDjgJxGG+Ehb7hqz0ey5J6H3zt+DXhZGR09RKJff+wwWiJ08PcqQ==",
        "dependencies": {
          "Argon": "0.32.0",
          "DiffEngine": "16.8.0",
          "SimpleInfoName": "3.1.2",
          "System.ValueTuple": "4.6.1",
          "TUnit.Core": "0.87.8",
          "Verify": "31.4.3"
        }
      },
      "Argon": {
        "type": "Transitive",
        "resolved": "0.32.0",
        "contentHash": "sW2tLL6cllHx5Q305AkXmGN4gWSGk8Ij2xH6kje1dy5k0Ef3V9g/qE6Y0GH5du515k3coiR9PY8EvZ5SIl9jOw=="
      },
      "DiffEngine": {
        "type": "Transitive",
        "resolved": "16.8.0",
        "contentHash": "sn5euijRNDr7+p7lwTISu4uK+U8Awsm9DBSVEhQ49rbm487cHZ8CDE+SYL9PYDgFJXk4nRXcMkXoBaVnPiD3wg==",
        "dependencies": {
          "EmptyFiles": "8.15.0",
          "System.Management": "8.0.0"
        }
      },
      "EmptyFiles": {
        "type": "Transitive",
        "resolved": "8.15.0",
        "contentHash": "4VP7Bj09eO4nsfA68s9cGoHF9ZXBZjIPIJ7d/piU9iuFEEhzuWAUYkAxXOa0zFT5MiIoDfa0akbD5EjPlkKT2A=="
      },
      "EnumerableAsyncProcessor": {
        "type": "Transitive",
        "resolved": "3.8.4",
        "contentHash": "KlbpupRCz3Kf+P7gsiDvFXJ980i/9lfihMZFmmxIk0Gf6mopEjy74OTJZmdaKDQpE29eQDBnMZB5khyW3eugrg=="
      },
      "Microsoft.DiaSymReader": {
        "type": "Transitive",
        "resolved": "2.0.0",
        "contentHash": "QcZrCETsBJqy/vQpFtJc+jSXQ0K5sucQ6NUFbTNVHD4vfZZOwjZ/3sBzczkC4DityhD3AVO/+K/+9ioLs1AgRA=="
      },
      "Microsoft.Extensions.DependencyModel": {
        "type": "Transitive",
        "resolved": "6.0.2",
        "contentHash": "HS5YsudCGSVoCVdsYJ5FAO9vx0z04qSAXgVzpDJSQ1/w/X9q8hrQVGU2p+Yfui+2KcXLL+Zjc0SX3yJWtBmYiw=="
      },
      "Microsoft.Testing.Extensions.TrxReport": {
        "type": "Transitive",
        "resolved": "2.0.1",
        "contentHash": "8XsUmt8RfelkKggTZm/HfrTtY3pnT1/Rfmi4xxPbx9ko5fToxnpsDH3uvU6LwxKff41WQAABNN0K/qdLdk5FaQ==",
        "dependencies": {
          "Microsoft.Testing.Extensions.TrxReport.Abstractions": "2.0.1",
          "Microsoft.Testing.Platform": "2.0.1"
        }
      },
      "Microsoft.Testing.Extensions.TrxReport.Abstractions": {
        "type": "Transitive",
        "resolved": "2.0.1",
        "contentHash": "GCyRVLdFiOlGkgZItt2kHJRn/NY9zhEF5EQwjFCOl6fwr+uSy0KtwwGHF5uERevjEEBTqRbj4wwrraAqRyq1Zw==",
        "dependencies": {
          "Microsoft.Testing.Platform": "2.0.1"
        }
      },
      "Microsoft.Testing.Platform": {
        "type": "Transitive",
        "resolved": "2.0.2",
        "contentHash": "43NCOTEENtdc9fmlzX9KHQR14AZEYek5r4jOJlWPhTyV1+aYAQYl4x773nYXU5TKxV6+rMuniJ7wcj9C9qrP1A=="
      },
      "Microsoft.Testing.Platform.MSBuild": {
        "type": "Transitive",
        "resolved": "2.0.1",
        "contentHash": "zI8svKM2d1wAu20u+cMRo13oJv4uyPcCmVZixvKk+W34d1F7hH2msEzyQ4zv3NEliE60JMM9cdDxWcA3yU2oAA==",
        "dependencies": {
          "Microsoft.Testing.Platform": "2.0.1"
        }
      },
      "Microsoft.Win32.SystemEvents": {
        "type": "Transitive",
        "resolved": "6.0.0",
        "contentHash": "hqTM5628jSsQiv+HGpiq3WKBl2c8v1KZfby2J6Pr7pEPlK9waPdgEO6b8A/+/xn/yZ9ulv8HuqK71ONy2tg67A=="
      },
      "SimpleInfoName": {
        "type": "Transitive",
        "resolved": "3.1.2",
        "contentHash": "/OoEZQxSW6DeTJ9nfrg8BLCOCWpxBiWHV4NkG3t+Xpe8tvzm7yCwKwxkhpauMl3fg9OjlIjJMKX61H6VavLkrw=="
      },
      "System.CodeDom": {
        "type": "Transitive",
        "resolved": "8.0.0",
        "contentHash": "WTlRjL6KWIMr/pAaq3rYqh0TJlzpouaQ/W1eelssHgtlwHAH25jXTkUphTYx9HaIIf7XA6qs/0+YhtLEQRkJ+Q=="
      },
      "System.Configuration.ConfigurationManager": {
        "type": "Transitive",
        "resolved": "6.0.0",
        "contentHash": "7T+m0kDSlIPTHIkPMIu6m6tV6qsMqJpvQWW2jIc2qi7sn40qxFo0q+7mEQAhMPXZHMKnWrnv47ntGlM/ejvw3g==",
        "dependencies": {
          "System.Security.Cryptography.ProtectedData": "6.0.0",
          "System.Security.Permissions": "6.0.0"
        }
      },
      "System.Drawing.Common": {
        "type": "Transitive",
        "resolved": "6.0.0",
        "contentHash": "NfuoKUiP2nUWwKZN6twGqXioIe1zVD0RIj2t976A+czLHr2nY454RwwXs6JU9Htc6mwqL6Dn/nEL3dpVf2jOhg==",
        "dependencies": {
          "Microsoft.Win32.SystemEvents": "6.0.0"
        }
      },
      "System.Management": {
        "type": "Transitive",
        "resolved": "8.0.0",
        "contentHash": "jrK22i5LRzxZCfGb+tGmke2VH7oE0DvcDlJ1HAKYU8cPmD8XnpUT0bYn2Gy98GEhGjtfbR/sxKTVb+dE770pfA==",
        "dependencies": {
          "System.CodeDom": "8.0.0"
        }
      },
      "System.Reactive": {
        "type": "Transitive",
        "resolved": "6.0.0",
        "contentHash": "31kfaW4ZupZzPsI5PVe77VhnvFF55qgma7KZr/E0iFTs6fmdhhG8j0mgEx620iLTey1EynOkEfnyTjtNEpJzGw=="
      },
      "System.Security.Cryptography.ProtectedData": {
        "type": "Transitive",
        "resolved": "6.0.0",
        "contentHash": "rp1gMNEZpvx9vP0JW0oHLxlf8oSiQgtno77Y4PLUBjSiDYoD77Y8uXHr1Ea5XG4/pIKhqAdxZ8v8OTUtqo9PeQ=="
      },
      "System.Security.Permissions": {
        "type": "Transitive",
        "resolved": "6.0.0",
        "contentHash": "T/uuc7AklkDoxmcJ7LGkyX1CcSviZuLCa4jg3PekfJ7SU0niF0IVTXwUiNVP9DSpzou2PpxJ+eNY2IfDM90ZCg==",
        "dependencies": {
          "System.Windows.Extensions": "6.0.0"
        }
      },
      "System.ValueTuple": {
        "type": "Transitive",
        "resolved": "4.6.1",
        "contentHash": "+RJT4qaekpZ7DDLhf+LTjq+E48jieKiY9ulJ+BoxKmZblIJfIJT8Ufcaa/clQqnYvWs8jugfGSMu8ylS0caG0w=="
      },
      "System.Windows.Extensions": {
        "type": "Transitive",
        "resolved": "6.0.0",
        "contentHash": "IXoJOXIqc39AIe+CIR7koBtRGMiCt/LPM3lI+PELtDIy9XdyeSrwXFdWV9dzJ2Awl0paLWUaknLxFQ5HpHZUog==",
        "dependencies": {
          "System.Drawing.Common": "6.0.0"
        }
      },
      "TUnit.Assertions": {
        "type": "Transitive",
        "resolved": "0.90.45",
        "contentHash": "yEup1/Q8alDsqUpF1Sx1G/AclVWH7QDGw5Wl5FcvPz4bXJGS6uIc7uA7ruBmNhu+gWnXbuqsgBBpO6ptirszmA=="
      },
      "TUnit.Core": {
        "type": "Transitive",
        "resolved": "0.90.45",
        "contentHash": "TNfAfQ1f/mV+skq70PqWctNMl6dMiltrgBm+TcnnZL7og2eL7VCcsOCUnuMHYFfTSjKe7qoN2IyPDQipi05RNQ=="
      },
      "TUnit.Engine": {
        "type": "Transitive",
        "resolved": "0.90.45",
        "contentHash": "fhLsoaXTs6PTHfPpLhf42Z6kCZbkclSKB210XmzfC8Bu2e9NsqjsI91DoNGdazVCfpPwUeh2S+4nm9Rsg+V5ug==",
        "dependencies": {
          "EnumerableAsyncProcessor": "3.8.4",
          "Microsoft.Testing.Extensions.TrxReport.Abstractions": "2.0.1",
          "Microsoft.Testing.Platform": "2.0.1",
          "Microsoft.Testing.Platform.MSBuild": "2.0.1",
          "TUnit.Core": "0.90.45"
        }
      },
      "Verify": {
        "type": "Transitive",
        "resolved": "31.4.3",
        "contentHash": "peuArMXX3WC0dze8okNCks4in7dBaazmltPNZtGa5Ub7ikKALcO1vc+5T27FzpfTpKObTQSGP5HW3czSqCbOGQ==",
        "dependencies": {
          "Argon": "0.32.0",
          "DiffEngine": "16.8.0",
          "SimpleInfoName": "3.1.2",
          "System.ValueTuple": "4.6.1"
        }
      },
      "surrealdb.embedded.inmemory": {
        "type": "Project",
        "dependencies": {
          "SurrealDb.Net": "[0.10.2, )"
        }
      },
      "surrealdb.embedded.rocksdb": {
        "type": "Project",
        "dependencies": {
          "SurrealDb.Net": "[0.10.2, )"
        }
      },
      "surrealdb.embedded.surrealkv": {
        "type": "Project",
        "dependencies": {
          "SurrealDb.Net": "[0.10.2, )"
        }
      },
      "surrealdb.net": {
        "type": "Project",
        "dependencies": {
          "ConcurrentHashSet": "[1.3.0, )",
          "Dahomey.Cbor": "[1.26.1, )",
          "Microsoft.AspNetCore.JsonPatch.SystemTextJson": "[10.0.1, )",
          "Microsoft.IO.RecyclableMemoryStream": "[3.0.1, )",
          "Microsoft.Spatial": "[7.22.0, )",
          "Semver": "[3.0.0, )",
          "Websocket.Client": "[5.3.0, )"
        }
      },
      "surrealdb.net.tests.extensions": {
        "type": "Project",
        "dependencies": {
          "FluentAssertions": "[7.2.0, )",
          "Semver": "[3.0.0, )"
        }
      },
      "surrealdb.net.tests.fixtures": {
        "type": "Project",
        "dependencies": {
          "Bogus": "[35.6.5, )",
          "SurrealDb.Embedded.InMemory": "[0.10.2, )",
          "SurrealDb.Embedded.RocksDb": "[0.10.2, )",
          "SurrealDb.Embedded.SurrealKv": "[0.10.2, )",
          "SurrealDb.Net": "[0.10.2, )"
        }
      },
      "Bogus": {
        "type": "CentralTransitive",
        "requested": "[35.6.5, )",
        "resolved": "35.6.5",
        "contentHash": "2FGZn+aAVHjmCgClgmGkTDBVZk0zkLvAKGaxEf5JL6b3i9JbHTE4wnuY4vHCuzlCmJdU6VZjgDfHwmYkQF8VAA=="
      },
      "ConcurrentHashSet": {
        "type": "CentralTransitive",
        "requested": "[1.3.0, )",
        "resolved": "1.3.0",
        "contentHash": "a30gfk4WDn2f7sOisXpko+CrQ7s5nL1ZWk4afnRwwRQHWPRrRSZpzn5Dz2YWpJtS90NJqkytQ/MkzHq4QYTIbg=="
      },
      "Dahomey.Cbor": {
        "type": "CentralTransitive",
        "requested": "[1.26.1, )",
        "resolved": "1.26.1",
        "contentHash": "zSCSf5mAm8Dl15pvKbGjbL7J4Xf7d6vn4InbFQJaEzzM7mfg6sz6iak8atZQ3cERtu2I5WoNgIinLddmDi7wug=="
      },
      "Microsoft.AspNetCore.JsonPatch.SystemTextJson": {
        "type": "CentralTransitive",
        "requested": "[10.0.1, )",
        "resolved": "10.0.1",
        "contentHash": "JgE1YPUhIWN8OMEHhExKzb2BnR3As884ued0yNqrORidJ9haK9DRBuDFN/PZj8mjgZsPjmnWd3vYiW8WqeUbdQ=="
      },
      "Microsoft.IO.RecyclableMemoryStream": {
        "type": "CentralTransitive",
        "requested": "[3.0.1, )",
        "resolved": "3.0.1",
        "contentHash": "s/s20YTVY9r9TPfTrN5g8zPF1YhwxyqO6PxUkrYTGI2B+OGPe9AdajWZrLhFqXIvqIW23fnUE4+ztrUWNU1+9g=="
      },
      "Microsoft.Spatial": {
        "type": "CentralTransitive",
        "requested": "[7.22.0, )",
        "resolved": "7.22.0",
        "contentHash": "6cRBm9WMJ5MofTyEP8JoMK323P3uyqWD7XnWZkHWr75ldm1Qw2ScWcNSA3lnPtLPDaY6es6vOFtY5li6VsV4Eg=="
      },
      "Websocket.Client": {
        "type": "CentralTransitive",
        "requested": "[5.3.0, )",
        "resolved": "5.3.0",
        "contentHash": "uhdDM+gruCEhHRCKCoyali1HJp0wSS/HBs5X9XZwULNKM2y5ML188TsvcEgWEFOx0NOaHfGNtfoC0cd1p2NOIg==",
        "dependencies": {
          "Microsoft.IO.RecyclableMemoryStream": "3.0.0",
          "System.Reactive": "6.0.0"
        }
      }
    }
  }
}