{
  "version": 2,
  "dependencies": {
    "net10.0": {
      "Bogus": {
        "type": "Direct",
        "requested": "[35.6.5, )",
        "resolved": "35.6.5",
        "contentHash": "2FGZn+aAVHjmCgClgmGkTDBVZk0zkLvAKGaxEf5JL6b3i9JbHTE4wnuY4vHCuzlCmJdU6VZjgDfHwmYkQF8VAA=="
      },
      "CSharpier.MsBuild": {
        "type": "Direct",
        "requested": "[0.30.6, )",
        "resolved": "0.30.6",
        "contentHash": "m/KjEvc7f4+IGAL05F+tXwY5JHje6CeMjCc6mS4nlQlFJA36DM+UmoPCS5hDnLUw2s0aKMDoXdCxUrNe9PHBsA=="
      },
      "DotNet.ReproducibleBuilds": {
        "type": "Direct",
        "requested": "[1.2.39, )",
        "resolved": "1.2.39",
        "contentHash": "fcFN01tDTIQqDuTwr1jUQK/geofiwjG5DycJQOnC72i1SsLAk1ELe+apBOuZ11UMQG8YKFZG1FgvjZPbqHyatg=="
      },
      "Microsoft.AspNetCore.JsonPatch.SystemTextJson": {
        "type": "Direct",
        "requested": "[10.0.1, )",
        "resolved": "10.0.1",
        "contentHash": "JgE1YPUhIWN8OMEHhExKzb2BnR3As884ued0yNqrORidJ9haK9DRBuDFN/PZj8mjgZsPjmnWd3vYiW8WqeUbdQ=="
      },
      "Swashbuckle.AspNetCore": {
        "type": "Direct",
        "requested": "[6.5.0, )",
        "resolved": "6.5.0",
        "contentHash": "FK05XokgjgwlCI6wCT+D4/abtQkL1X1/B9Oas6uIwHFmYrIO9WUD5aLC9IzMs9GnHfUXOtXZ2S43gN1mhs5+aA==",
        "dependencies": {
          "Microsoft.Extensions.ApiDescription.Server": "6.0.5",
          "Swashbuckle.AspNetCore.Swagger": "6.5.0",
          "Swashbuckle.AspNetCore.SwaggerGen": "6.5.0",
          "Swashbuckle.AspNetCore.SwaggerUI": "6.5.0"
        }
      },
      "Microsoft.Extensions.ApiDescription.Server": {
        "type": "Transitive",
        "resolved": "6.0.5",
        "contentHash": "Ckb5EDBUNJdFWyajfXzUIMRkhf52fHZOQuuZg/oiu8y7zDCVwD0iHhew6MnThjHmevanpxL3f5ci2TtHQEN6bw=="
      },
      "Microsoft.OpenApi": {
        "type": "Transitive",
        "resolved": "1.2.3",
        "contentHash": "Nug3rO+7Kl5/SBAadzSMAVgqDlfGjJZ0GenQrLywJ84XGKO0uRqkunz5Wyl0SDwcR71bAATXvSdbdzPrYRYKGw=="
      },
      "Swashbuckle.AspNetCore.Swagger": {
        "type": "Transitive",
        "resolved": "6.5.0",
        "contentHash": "XWmCmqyFmoItXKFsQSwQbEAsjDKcxlNf1l+/Ki42hcb6LjKL8m5Db69OTvz5vLonMSRntYO1XLqz0OP+n3vKnA==",
        "dependencies": {
          "Microsoft.OpenApi": "1.2.3"
        }
      },
      "Swashbuckle.AspNetCore.SwaggerGen": {
        "type": "Transitive",
        "resolved": "6.5.0",
        "contentHash": "Y/qW8Qdg9OEs7V013tt+94OdPxbRdbhcEbw4NiwGvf4YBcfhL/y7qp/Mjv/cENsQ2L3NqJ2AOu94weBy/h4KvA==",
        "dependencies": {
          "Swashbuckle.AspNetCore.Swagger": "6.5.0"
        }
      },
      "System.Reactive": {
        "type": "Transitive",
        "resolved": "6.0.0",
        "contentHash": "31kfaW4ZupZzPsI5PVe77VhnvFF55qgma7KZr/E0iFTs6fmdhhG8j0mgEx620iLTey1EynOkEfnyTjtNEpJzGw=="
      },
      "surrealdb.net": {
        "type": "Project",
        "dependencies": {
          "ConcurrentHashSet": "[1.3.0, )",
          "Dahomey.Cbor": "[1.26.1, )",
          "Microsoft.AspNetCore.JsonPatch.SystemTextJson": "[10.0.1, )",
          "Microsoft.IO.RecyclableMemoryStream": "[3.0.1, )",
          "Microsoft.Spatial": "[7.22.0, )",
          "Semver": "[3.0.0, )",
          "Websocket.Client": "[5.3.0, )"
        }
      },
      "ConcurrentHashSet": {
        "type": "CentralTransitive",
        "requested": "[1.3.0, )",
        "resolved": "1.3.0",
        "contentHash": "a30gfk4WDn2f7sOisXpko+CrQ7s5nL1ZWk4afnRwwRQHWPRrRSZpzn5Dz2YWpJtS90NJqkytQ/MkzHq4QYTIbg=="
      },
      "Dahomey.Cbor": {
        "type": "CentralTransitive",
        "requested": "[1.26.1, )",
        "resolved": "1.26.1",
        "contentHash": "zSCSf5mAm8Dl15pvKbGjbL7J4Xf7d6vn4InbFQJaEzzM7mfg6sz6iak8atZQ3cERtu2I5WoNgIinLddmDi7wug=="
      },
      "Microsoft.IO.RecyclableMemoryStream": {
        "type": "CentralTransitive",
        "requested": "[3.0.1, )",
        "resolved": "3.0.1",
        "contentHash": "s/s20YTVY9r9TPfTrN5g8zPF1YhwxyqO6PxUkrYTGI2B+OGPe9AdajWZrLhFqXIvqIW23fnUE4+ztrUWNU1+9g=="
      },
      "Microsoft.Spatial": {
        "type": "CentralTransitive",
        "requested": "[7.22.0, )",
        "resolved": "7.22.0",
        "contentHash": "6cRBm9WMJ5MofTyEP8JoMK323P3uyqWD7XnWZkHWr75ldm1Qw2ScWcNSA3lnPtLPDaY6es6vOFtY5li6VsV4Eg=="
      },
      "Semver": {
        "type": "CentralTransitive",
        "requested": "[3.0.0, )",
        "resolved": "3.0.0",
        "contentHash": "9jZCicsVgTebqkAujRWtC9J1A5EQVlu0TVKHcgoCuv345ve5DYf4D1MjhKEnQjdRZo6x/vdv6QQrYFs7ilGzLA=="
      },
      "Swashbuckle.AspNetCore.SwaggerUI": {
        "type": "CentralTransitive",
        "requested": "[7.0.0, )",
        "resolved": "7.0.0",
        "contentHash": "rJJony+jsxvpfJM9ZGVxjp0DVpalZv8cAhiMSLW6L2hgUWb7k5qPVuzQHWXtkT8lrG1hQ8vWeR+HUwgCQm9J3A=="
      },
      "Websocket.Client": {
        "type": "CentralTransitive",
        "requested": "[5.3.0, )",
        "resolved": "5.3.0",
        "contentHash": "uhdDM+gruCEhHRCKCoyali1HJp0wSS/HBs5X9XZwULNKM2y5ML188TsvcEgWEFOx0NOaHfGNtfoC0cd1p2NOIg==",
        "dependencies": {
          "Microsoft.IO.RecyclableMemoryStream": "3.0.0",
          "System.Reactive": "6.0.0"
        }
      }
    }
  }
}